// !$*UTF8*$!
{
	archiveVersion = 1;
	classes = {
	};
	objectVersion = 56;
	objects = {

/* Begin PBXBuildFile section */
		183F58662A35B30C002DB89B /* SwiftWeatherTaskApp.swift in Sources */ = {isa = PBXBuildFile; fileRef = 183F58652A35B30C002DB89B /* SwiftWeatherTaskApp.swift */; };
		183F58682A35B30C002DB89B /* MainView.swift in Sources */ = {isa = PBXBuildFile; fileRef = 183F58672A35B30C002DB89B /* MainView.swift */; };
		183F586A2A35B30D002DB89B /* Assets.xcassets in Resources */ = {isa = PBXBuildFile; fileRef = 183F58692A35B30D002DB89B /* Assets.xcassets */; };
		183F586E2A35B30D002DB89B /* Preview Assets.xcassets in Resources */ = {isa = PBXBuildFile; fileRef = 183F586D2A35B30D002DB89B /* Preview Assets.xcassets */; };
		1868D8732A3A10A80029D93C /* LocationsModel.swift in Sources */ = {isa = PBXBuildFile; fileRef = 1868D8722A3A10A80029D93C /* LocationsModel.swift */; };
		187690A72A35DF26001742F2 /* MainViewModel.swift in Sources */ = {isa = PBXBuildFile; fileRef = 187690A62A35DF26001742F2 /* MainViewModel.swift */; };
		187690AC2A379EFE001742F2 /* WeatherModel.swift in Sources */ = {isa = PBXBuildFile; fileRef = 187690AB2A379EFE001742F2 /* WeatherModel.swift */; };
		187690B32A379FE4001742F2 /* APIConfiguration.swift in Sources */ = {isa = PBXBuildFile; fileRef = 187690AE2A379FE4001742F2 /* APIConfiguration.swift */; };
		187690B42A379FE4001742F2 /* APIClient.swift in Sources */ = {isa = PBXBuildFile; fileRef = 187690AF2A379FE4001742F2 /* APIClient.swift */; };
		187690B52A379FE4001742F2 /* GenericResponce.swift in Sources */ = {isa = PBXBuildFile; fileRef = 187690B02A379FE4001742F2 /* GenericResponce.swift */; };
		187690B62A379FE4001742F2 /* RequestConstants.swift in Sources */ = {isa = PBXBuildFile; fileRef = 187690B12A379FE4001742F2 /* RequestConstants.swift */; };
		1889E63F2A384C910018A19C /* Alamofire in Frameworks */ = {isa = PBXBuildFile; productRef = 1889E63E2A384C910018A19C /* Alamofire */; };
		1889E6422A3870C10018A19C /* AppColors.swift in Sources */ = {isa = PBXBuildFile; fileRef = 1889E6412A3870C10018A19C /* AppColors.swift */; };
		1889E6442A3876040018A19C /* WeatherDayView.swift in Sources */ = {isa = PBXBuildFile; fileRef = 1889E6432A3876040018A19C /* WeatherDayView.swift */; };
		1889E6472A3878570018A19C /* LocationManager.swift in Sources */ = {isa = PBXBuildFile; fileRef = 1889E6462A3878570018A19C /* LocationManager.swift */; };
		1889E6492A3881940018A19C /* APIRouter.swift in Sources */ = {isa = PBXBuildFile; fileRef = 1889E6482A3881940018A19C /* APIRouter.swift */; };
		1889E64B2A3881A30018A19C /* MainViewClient.swift in Sources */ = {isa = PBXBuildFile; fileRef = 1889E64A2A3881A30018A19C /* MainViewClient.swift */; };
/* End PBXBuildFile section */

/* Begin PBXFileReference section */
		183F58622A35B30C002DB89B /* SwiftWeatherTask.app */ = {isa = PBXFileReference; explicitFileType = wrapper.application; includeInIndex = 0; path = SwiftWeatherTask.app; sourceTree = BUILT_PRODUCTS_DIR; };
		183F58652A35B30C002DB89B /* SwiftWeatherTaskApp.swift */ = {isa = PBXFileReference; lastKnownFileType = sourcecode.swift; path = SwiftWeatherTaskApp.swift; sourceTree = "<group>"; };
		183F58672A35B30C002DB89B /* MainView.swift */ = {isa = PBXFileReference; lastKnownFileType = sourcecode.swift; path = MainView.swift; sourceTree = "<group>"; };
		183F58692A35B30D002DB89B /* Assets.xcassets */ = {isa = PBXFileReference; lastKnownFileType = folder.assetcatalog; path = Assets.xcassets; sourceTree = "<group>"; };
		183F586B2A35B30D002DB89B /* SwiftWeatherTask.entitlements */ = {isa = PBXFileReference; lastKnownFileType = text.plist.entitlements; path = SwiftWeatherTask.entitlements; sourceTree = "<group>"; };
		183F586D2A35B30D002DB89B /* Preview Assets.xcassets */ = {isa = PBXFileReference; lastKnownFileType = folder.assetcatalog; path = "Preview Assets.xcassets"; sourceTree = "<group>"; };
		1868D8722A3A10A80029D93C /* LocationsModel.swift */ = {isa = PBXFileReference; lastKnownFileType = sourcecode.swift; path = LocationsModel.swift; sourceTree = "<group>"; };
		187690A62A35DF26001742F2 /* MainViewModel.swift */ = {isa = PBXFileReference; lastKnownFileType = sourcecode.swift; path = MainViewModel.swift; sourceTree = "<group>"; };
		187690AB2A379EFE001742F2 /* WeatherModel.swift */ = {isa = PBXFileReference; lastKnownFileType = sourcecode.swift; path = WeatherModel.swift; sourceTree = "<group>"; };
		187690AE2A379FE4001742F2 /* APIConfiguration.swift */ = {isa = PBXFileReference; fileEncoding = 4; lastKnownFileType = sourcecode.swift; path = APIConfiguration.swift; sourceTree = "<group>"; };
		187690AF2A379FE4001742F2 /* APIClient.swift */ = {isa = PBXFileReference; fileEncoding = 4; lastKnownFileType = sourcecode.swift; path = APIClient.swift; sourceTree = "<group>"; };
		187690B02A379FE4001742F2 /* GenericResponce.swift */ = {isa = PBXFileReference; fileEncoding = 4; lastKnownFileType = sourcecode.swift; path = GenericResponce.swift; sourceTree = "<group>"; };
		187690B12A379FE4001742F2 /* RequestConstants.swift */ = {isa = PBXFileReference; fileEncoding = 4; lastKnownFileType = sourcecode.swift; path = RequestConstants.swift; sourceTree = "<group>"; };
		1889E6412A3870C10018A19C /* AppColors.swift */ = {isa = PBXFileReference; fileEncoding = 4; lastKnownFileType = sourcecode.swift; path = AppColors.swift; sourceTree = "<group>"; };
		1889E6432A3876040018A19C /* WeatherDayView.swift */ = {isa = PBXFileReference; lastKnownFileType = sourcecode.swift; path = WeatherDayView.swift; sourceTree = "<group>"; };
		1889E6462A3878570018A19C /* LocationManager.swift */ = {isa = PBXFileReference; fileEncoding = 4; lastKnownFileType = sourcecode.swift; path = LocationManager.swift; sourceTree = "<group>"; };
		1889E6482A3881940018A19C /* APIRouter.swift */ = {isa = PBXFileReference; lastKnownFileType = sourcecode.swift; path = APIRouter.swift; sourceTree = "<group>"; };
		1889E64A2A3881A30018A19C /* MainViewClient.swift */ = {isa = PBXFileReference; lastKnownFileType = sourcecode.swift; path = MainViewClient.swift; sourceTree = "<group>"; };
/* End PBXFileReference section */

/* Begin PBXFrameworksBuildPhase section */
		183F585F2A35B30C002DB89B /* Frameworks */ = {
			isa = PBXFrameworksBuildPhase;
			buildActionMask = 2147483647;
			files = (
				1889E63F2A384C910018A19C /* Alamofire in Frameworks */,
			);
			runOnlyForDeploymentPostprocessing = 0;
		};
/* End PBXFrameworksBuildPhase section */

/* Begin PBXGroup section */
		183F58592A35B30C002DB89B = {
			isa = PBXGroup;
			children = (
				183F58642A35B30C002DB89B /* SwiftWeatherTask */,
				183F58632A35B30C002DB89B /* Products */,
			);
			sourceTree = "<group>";
		};
		183F58632A35B30C002DB89B /* Products */ = {
			isa = PBXGroup;
			children = (
				183F58622A35B30C002DB89B /* SwiftWeatherTask.app */,
			);
			name = Products;
			sourceTree = "<group>";
		};
		183F58642A35B30C002DB89B /* SwiftWeatherTask */ = {
			isa = PBXGroup;
			children = (
				1889E6402A3870850018A19C /* Helpers */,
				187690A92A3776F8001742F2 /* Networking */,
				187690A82A3776ED001742F2 /* Modules */,
				183F58652A35B30C002DB89B /* SwiftWeatherTaskApp.swift */,
				183F58692A35B30D002DB89B /* Assets.xcassets */,
				183F586B2A35B30D002DB89B /* SwiftWeatherTask.entitlements */,
				183F586C2A35B30D002DB89B /* Preview Content */,
			);
			path = SwiftWeatherTask;
			sourceTree = "<group>";
		};
		183F586C2A35B30D002DB89B /* Preview Content */ = {
			isa = PBXGroup;
			children = (
				183F586D2A35B30D002DB89B /* Preview Assets.xcassets */,
			);
			path = "Preview Content";
			sourceTree = "<group>";
		};
		187690A82A3776ED001742F2 /* Modules */ = {
			isa = PBXGroup;
			children = (
				183F58672A35B30C002DB89B /* MainView.swift */,
				187690A62A35DF26001742F2 /* MainViewModel.swift */,
				187690AB2A379EFE001742F2 /* WeatherModel.swift */,
				1889E6432A3876040018A19C /* WeatherDayView.swift */,
				1889E6482A3881940018A19C /* APIRouter.swift */,
				1889E64A2A3881A30018A19C /* MainViewClient.swift */,
				1868D8722A3A10A80029D93C /* LocationsModel.swift */,
			);
			path = Modules;
			sourceTree = "<group>";
		};
		187690A92A3776F8001742F2 /* Networking */ = {
			isa = PBXGroup;
			children = (
				187690AD2A379FE4001742F2 /* GenericAPI */,
			);
			path = Networking;
			sourceTree = "<group>";
		};
		187690AD2A379FE4001742F2 /* GenericAPI */ = {
			isa = PBXGroup;
			children = (
				187690AE2A379FE4001742F2 /* APIConfiguration.swift */,
				187690AF2A379FE4001742F2 /* APIClient.swift */,
				187690B02A379FE4001742F2 /* GenericResponce.swift */,
				187690B12A379FE4001742F2 /* RequestConstants.swift */,
			);
			path = GenericAPI;
			sourceTree = "<group>";
		};
		1889E6402A3870850018A19C /* Helpers */ = {
			isa = PBXGroup;
			children = (
				1889E6462A3878570018A19C /* LocationManager.swift */,
				1889E6412A3870C10018A19C /* AppColors.swift */,
			);
			path = Helpers;
			sourceTree = "<group>";
		};
/* End PBXGroup section */

/* Begin PBXNativeTarget section */
		183F58612A35B30C002DB89B /* SwiftWeatherTask */ = {
			isa = PBXNativeTarget;
			buildConfigurationList = 183F58712A35B30D002DB89B /* Build configuration list for PBXNativeTarget "SwiftWeatherTask" */;
			buildPhases = (
				183F585E2A35B30C002DB89B /* Sources */,
				183F585F2A35B30C002DB89B /* Frameworks */,
				183F58602A35B30C002DB89B /* Resources */,
			);
			buildRules = (
			);
			dependencies = (
			);
			name = SwiftWeatherTask;
			packageProductDependencies = (
				1889E63E2A384C910018A19C /* Alamofire */,
			);
			productName = SwiftWeatherTask;
			productReference = 183F58622A35B30C002DB89B /* SwiftWeatherTask.app */;
			productType = "com.apple.product-type.application";
		};
/* End PBXNativeTarget section */

/* Begin PBXProject section */
		183F585A2A35B30C002DB89B /* Project object */ = {
			isa = PBXProject;
			attributes = {
				BuildIndependentTargetsInParallel = 1;
				LastSwiftUpdateCheck = 1410;
				LastUpgradeCheck = 1410;
				TargetAttributes = {
					183F58612A35B30C002DB89B = {
						CreatedOnToolsVersion = 14.1;
					};
				};
			};
			buildConfigurationList = 183F585D2A35B30C002DB89B /* Build configuration list for PBXProject "SwiftWeatherTask" */;
			compatibilityVersion = "Xcode 14.0";
			developmentRegion = en;
			hasScannedForEncodings = 0;
			knownRegions = (
				en,
				Base,
			);
			mainGroup = 183F58592A35B30C002DB89B;
			packageReferences = (
				1889E63D2A384C910018A19C /* XCRemoteSwiftPackageReference "Alamofire" */,
			);
			productRefGroup = 183F58632A35B30C002DB89B /* Products */;
			projectDirPath = "";
			projectRoot = "";
			targets = (
				183F58612A35B30C002DB89B /* SwiftWeatherTask */,
			);
		};
/* End PBXProject section */

/* Begin PBXResourcesBuildPhase section */
		183F58602A35B30C002DB89B /* Resources */ = {
			isa = PBXResourcesBuildPhase;
			buildActionMask = 2147483647;
			files = (
				183F586E2A35B30D002DB89B /* Preview Assets.xcassets in Resources */,
				183F586A2A35B30D002DB89B /* Assets.xcassets in Resources */,
			);
			runOnlyForDeploymentPostprocessing = 0;
		};
/* End PBXResourcesBuildPhase section */

/* Begin PBXSourcesBuildPhase section */
		183F585E2A35B30C002DB89B /* Sources */ = {
			isa = PBXSourcesBuildPhase;
			buildActionMask = 2147483647;
			files = (
				1889E6422A3870C10018A19C /* AppColors.swift in Sources */,
				1889E6492A3881940018A19C /* APIRouter.swift in Sources */,
				183F58682A35B30C002DB89B /* MainView.swift in Sources */,
				183F58662A35B30C002DB89B /* SwiftWeatherTaskApp.swift in Sources */,
				1889E6472A3878570018A19C /* LocationManager.swift in Sources */,
				187690B32A379FE4001742F2 /* APIConfiguration.swift in Sources */,
				1868D8732A3A10A80029D93C /* LocationsModel.swift in Sources */,
				1889E6442A3876040018A19C /* WeatherDayView.swift in Sources */,
				187690B52A379FE4001742F2 /* GenericResponce.swift in Sources */,
				187690AC2A379EFE001742F2 /* WeatherModel.swift in Sources */,
				1889E64B2A3881A30018A19C /* MainViewClient.swift in Sources */,
				187690A72A35DF26001742F2 /* MainViewModel.swift in Sources */,
				187690B42A379FE4001742F2 /* APIClient.swift in Sources */,
				187690B62A379FE4001742F2 /* RequestConstants.swift in Sources */,
			);
			runOnlyForDeploymentPostprocessing = 0;
		};
/* End PBXSourcesBuildPhase section */

/* Begin XCBuildConfiguration section */
		183F586F2A35B30D002DB89B /* Debug */ = {
			isa = XCBuildConfiguration;
			buildSettings = {
				ALWAYS_SEARCH_USER_PATHS = NO;
				CLANG_ANALYZER_NONNULL = YES;
				CLANG_ANALYZER_NUMBER_OBJECT_CONVERSION = YES_AGGRESSIVE;
				CLANG_CXX_LANGUAGE_STANDARD = "gnu++20";
				CLANG_ENABLE_MODULES = YES;
				CLANG_ENABLE_OBJC_ARC = YES;
				CLANG_ENABLE_OBJC_WEAK = YES;
				CLANG_WARN_BLOCK_CAPTURE_AUTORELEASING = YES;
				CLANG_WARN_BOOL_CONVERSION = YES;
				CLANG_WARN_COMMA = YES;
				CLANG_WARN_CONSTANT_CONVERSION = YES;
				CLANG_WARN_DEPRECATED_OBJC_IMPLEMENTATIONS = YES;
				CLANG_WARN_DIRECT_OBJC_ISA_USAGE = YES_ERROR;
				CLANG_WARN_DOCUMENTATION_COMMENTS = YES;
				CLANG_WARN_EMPTY_BODY = YES;
				CLANG_WARN_ENUM_CONVERSION = YES;
				CLANG_WARN_INFINITE_RECURSION = YES;
				CLANG_WARN_INT_CONVERSION = YES;
				CLANG_WARN_NON_LITERAL_NULL_CONVERSION = YES;
				CLANG_WARN_OBJC_IMPLICIT_RETAIN_SELF = YES;
				CLANG_WARN_OBJC_LITERAL_CONVERSION = YES;
				CLANG_WARN_OBJC_ROOT_CLASS = YES_ERROR;
				CLANG_WARN_QUOTED_INCLUDE_IN_FRAMEWORK_HEADER = YES;
				CLANG_WARN_RANGE_LOOP_ANALYSIS = YES;
				CLANG_WARN_STRICT_PROTOTYPES = YES;
				CLANG_WARN_SUSPICIOUS_MOVE = YES;
				CLANG_WARN_UNGUARDED_AVAILABILITY = YES_AGGRESSIVE;
				CLANG_WARN_UNREACHABLE_CODE = YES;
				CLANG_WARN__DUPLICATE_METHOD_MATCH = YES;
				COPY_PHASE_STRIP = NO;
				DEBUG_INFORMATION_FORMAT = dwarf;
				ENABLE_STRICT_OBJC_MSGSEND = YES;
				ENABLE_TESTABILITY = YES;
				GCC_C_LANGUAGE_STANDARD = gnu11;
				GCC_DYNAMIC_NO_PIC = NO;
				GCC_NO_COMMON_BLOCKS = YES;
				GCC_OPTIMIZATION_LEVEL = 0;
				GCC_PREPROCESSOR_DEFINITIONS = (
					"DEBUG=1",
					"$(inherited)",
				);
				GCC_WARN_64_TO_32_BIT_CONVERSION = YES;
				GCC_WARN_ABOUT_RETURN_TYPE = YES_ERROR;
				GCC_WARN_UNDECLARED_SELECTOR = YES;
				GCC_WARN_UNINITIALIZED_AUTOS = YES_AGGRESSIVE;
				GCC_WARN_UNUSED_FUNCTION = YES;
				GCC_WARN_UNUSED_VARIABLE = YES;
				MTL_ENABLE_DEBUG_INFO = INCLUDE_SOURCE;
				MTL_FAST_MATH = YES;
				ONLY_ACTIVE_ARCH = YES;
				SWIFT_ACTIVE_COMPILATION_CONDITIONS = DEBUG;
				SWIFT_OPTIMIZATION_LEVEL = "-Onone";
			};
			name = Debug;
		};
		183F58702A35B30D002DB89B /* Release */ = {
			isa = XCBuildConfiguration;
			buildSettings = {
				ALWAYS_SEARCH_USER_PATHS = NO;
				CLANG_ANALYZER_NONNULL = YES;
				CLANG_ANALYZER_NUMBER_OBJECT_CONVERSION = YES_AGGRESSIVE;
				CLANG_CXX_LANGUAGE_STANDARD = "gnu++20";
				CLANG_ENABLE_MODULES = YES;
				CLANG_ENABLE_OBJC_ARC = YES;
				CLANG_ENABLE_OBJC_WEAK = YES;
				CLANG_WARN_BLOCK_CAPTURE_AUTORELEASING = YES;
				CLANG_WARN_BOOL_CONVERSION = YES;
				CLANG_WARN_COMMA = YES;
				CLANG_WARN_CONSTANT_CONVERSION = YES;
				CLANG_WARN_DEPRECATED_OBJC_IMPLEMENTATIONS = YES;
				CLANG_WARN_DIRECT_OBJC_ISA_USAGE = YES_ERROR;
				CLANG_WARN_DOCUMENTATION_COMMENTS = YES;
				CLANG_WARN_EMPTY_BODY = YES;
				CLANG_WARN_ENUM_CONVERSION = YES;
				CLANG_WARN_INFINITE_RECURSION = YES;
				CLANG_WARN_INT_CONVERSION = YES;
				CLANG_WARN_NON_LITERAL_NULL_CONVERSION = YES;
				CLANG_WARN_OBJC_IMPLICIT_RETAIN_SELF = YES;
				CLANG_WARN_OBJC_LITERAL_CONVERSION = YES;
				CLANG_WARN_OBJC_ROOT_CLASS = YES_ERROR;
				CLANG_WARN_QUOTED_INCLUDE_IN_FRAMEWORK_HEADER = YES;
				CLANG_WARN_RANGE_LOOP_ANALYSIS = YES;
				CLANG_WARN_STRICT_PROTOTYPES = YES;
				CLANG_WARN_SUSPICIOUS_MOVE = YES;
				CLANG_WARN_UNGUARDED_AVAILABILITY = YES_AGGRESSIVE;
				CLANG_WARN_UNREACHABLE_CODE = YES;
				CLANG_WARN__DUPLICATE_METHOD_MATCH = YES;
				COPY_PHASE_STRIP = NO;
				DEBUG_INFORMATION_FORMAT = "dwarf-with-dsym";
				ENABLE_NS_ASSERTIONS = NO;
				ENABLE_STRICT_OBJC_MSGSEND = YES;
				GCC_C_LANGUAGE_STANDARD = gnu11;
				GCC_NO_COMMON_BLOCKS = YES;
				GCC_WARN_64_TO_32_BIT_CONVERSION = YES;
				GCC_WARN_ABOUT_RETURN_TYPE = YES_ERROR;
				GCC_WARN_UNDECLARED_SELECTOR = YES;
				GCC_WARN_UNINITIALIZED_AUTOS = YES_AGGRESSIVE;
				GCC_WARN_UNUSED_FUNCTION = YES;
				GCC_WARN_UNUSED_VARIABLE = YES;
				MTL_ENABLE_DEBUG_INFO = NO;
				MTL_FAST_MATH = YES;
				SWIFT_COMPILATION_MODE = wholemodule;
				SWIFT_OPTIMIZATION_LEVEL = "-O";
			};
			name = Release;
		};
		183F58722A35B30D002DB89B /* Debug */ = {
			isa = XCBuildConfiguration;
			buildSettings = {
				ASSETCATALOG_COMPILER_APPICON_NAME = AppIcon;
				ASSETCATALOG_COMPILER_GLOBAL_ACCENT_COLOR_NAME = AccentColor;
				CODE_SIGN_ENTITLEMENTS = SwiftWeatherTask/SwiftWeatherTask.entitlements;
				CODE_SIGN_STYLE = Automatic;
				CURRENT_PROJECT_VERSION = 1;
				DEVELOPMENT_ASSET_PATHS = "\"SwiftWeatherTask/Preview Content\"";
				DEVELOPMENT_TEAM = AQB2QX5UAL;
				ENABLE_PREVIEWS = YES;
				GENERATE_INFOPLIST_FILE = YES;
				INFOPLIST_KEY_NSLocationWhenInUseUsageDescription = "We need your location to check the weather there.";
				"INFOPLIST_KEY_UIApplicationSceneManifest_Generation[sdk=iphoneos*]" = YES;
				"INFOPLIST_KEY_UIApplicationSceneManifest_Generation[sdk=iphonesimulator*]" = YES;
				"INFOPLIST_KEY_UIApplicationSupportsIndirectInputEvents[sdk=iphoneos*]" = YES;
				"INFOPLIST_KEY_UIApplicationSupportsIndirectInputEvents[sdk=iphonesimulator*]" = YES;
				"INFOPLIST_KEY_UILaunchScreen_Generation[sdk=iphoneos*]" = YES;
				"INFOPLIST_KEY_UILaunchScreen_Generation[sdk=iphonesimulator*]" = YES;
				"INFOPLIST_KEY_UIStatusBarStyle[sdk=iphoneos*]" = UIStatusBarStyleDefault;
				"INFOPLIST_KEY_UIStatusBarStyle[sdk=iphonesimulator*]" = UIStatusBarStyleDefault;
				INFOPLIST_KEY_UISupportedInterfaceOrientations_iPad = "UIInterfaceOrientationPortrait UIInterfaceOrientationPortraitUpsideDown UIInterfaceOrientationLandscapeLeft UIInterfaceOrientationLandscapeRight";
				INFOPLIST_KEY_UISupportedInterfaceOrientations_iPhone = "UIInterfaceOrientationPortrait UIInterfaceOrientationLandscapeLeft UIInterfaceOrientationLandscapeRight";
				IPHONEOS_DEPLOYMENT_TARGET = 16.1;
				LD_RUNPATH_SEARCH_PATHS = "@executable_path/Frameworks";
				"LD_RUNPATH_SEARCH_PATHS[sdk=macosx*]" = "@executable_path/../Frameworks";
				MACOSX_DEPLOYMENT_TARGET = 12.6;
				MARKETING_VERSION = 1.0;
				PRODUCT_BUNDLE_IDENTIFIER = com.SwiftWeatherTask;
				PRODUCT_NAME = "$(TARGET_NAME)";
				SDKROOT = auto;
				SUPPORTED_PLATFORMS = "iphoneos iphonesimulator";
				SUPPORTS_MACCATALYST = NO;
				SUPPORTS_MAC_DESIGNED_FOR_IPHONE_IPAD = NO;
				SWIFT_EMIT_LOC_STRINGS = YES;
				SWIFT_VERSION = 5.0;
				TARGETED_DEVICE_FAMILY = "1,2";
			};
			name = Debug;
		};
		183F58732A35B30D002DB89B /* Release */ = {
			isa = XCBuildConfiguration;
			buildSettings = {
				ASSETCATALOG_COMPILER_APPICON_NAME = AppIcon;
				ASSETCATALOG_COMPILER_GLOBAL_ACCENT_COLOR_NAME = AccentColor;
				CODE_SIGN_ENTITLEMENTS = SwiftWeatherTask/SwiftWeatherTask.entitlements;
				CODE_SIGN_STYLE = Automatic;
				CURRENT_PROJECT_VERSION = 1;
				DEVELOPMENT_ASSET_PATHS = "\"SwiftWeatherTask/Preview Content\"";
				DEVELOPMENT_TEAM = AQB2QX5UAL;
				ENABLE_PREVIEWS = YES;
				GENERATE_INFOPLIST_FILE = YES;
				INFOPLIST_KEY_NSLocationWhenInUseUsageDescription = "We need your location to check the weather there.";
				"INFOPLIST_KEY_UIApplicationSceneManifest_Generation[sdk=iphoneos*]" = YES;
				"INFOPLIST_KEY_UIApplicationSceneManifest_Generation[sdk=iphonesimulator*]" = YES;
				"INFOPLIST_KEY_UIApplicationSupportsIndirectInputEvents[sdk=iphoneos*]" = YES;
				"INFOPLIST_KEY_UIApplicationSupportsIndirectInputEvents[sdk=iphonesimulator*]" = YES;
				"INFOPLIST_KEY_UILaunchScreen_Generation[sdk=iphoneos*]" = YES;
				"INFOPLIST_KEY_UILaunchScreen_Generation[sdk=iphonesimulator*]" = YES;
				"INFOPLIST_KEY_UIStatusBarStyle[sdk=iphoneos*]" = UIStatusBarStyleDefault;
				"INFOPLIST_KEY_UIStatusBarStyle[sdk=iphonesimulator*]" = UIStatusBarStyleDefault;
				INFOPLIST_KEY_UISupportedInterfaceOrientations_iPad = "UIInterfaceOrientationPortrait UIInterfaceOrientationPortraitUpsideDown UIInterfaceOrientationLandscapeLeft UIInterfaceOrientationLandscapeRight";
				INFOPLIST_KEY_UISupportedInterfaceOrientations_iPhone = "UIInterfaceOrientationPortrait UIInterfaceOrientationLandscapeLeft UIInterfaceOrientationLandscapeRight";
				IPHONEOS_DEPLOYMENT_TARGET = 16.1;
				LD_RUNPATH_SEARCH_PATHS = "@executable_path/Frameworks";
				"LD_RUNPATH_SEARCH_PATHS[sdk=macosx*]" = "@executable_path/../Frameworks";
				MACOSX_DEPLOYMENT_TARGET = 12.6;
				MARKETING_VERSION = 1.0;
				PRODUCT_BUNDLE_IDENTIFIER = com.SwiftWeatherTask;
				PRODUCT_NAME = "$(TARGET_NAME)";
				SDKROOT = auto;
				SUPPORTED_PLATFORMS = "iphoneos iphonesimulator";
				SUPPORTS_MACCATALYST = NO;
				SUPPORTS_MAC_DESIGNED_FOR_IPHONE_IPAD = NO;
				SWIFT_EMIT_LOC_STRINGS = YES;
				SWIFT_VERSION = 5.0;
				TARGETED_DEVICE_FAMILY = "1,2";
			};
			name = Release;
		};
/* End XCBuildConfiguration section */

/* Begin XCConfigurationList section */
		183F585D2A35B30C002DB89B /* Build configuration list for PBXProject "SwiftWeatherTask" */ = {
			isa = XCConfigurationList;
			buildConfigurations = (
				183F586F2A35B30D002DB89B /* Debug */,
				183F58702A35B30D002DB89B /* Release */,
			);
			defaultConfigurationIsVisible = 0;
			defaultConfigurationName = Release;
		};
		183F58712A35B30D002DB89B /* Build configuration list for PBXNativeTarget "SwiftWeatherTask" */ = {
			isa = XCConfigurationList;
			buildConfigurations = (
				183F58722A35B30D002DB89B /* Debug */,
				183F58732A35B30D002DB89B /* Release */,
			);
			defaultConfigurationIsVisible = 0;
			defaultConfigurationName = Release;
		};
/* End XCConfigurationList section */

/* Begin XCRemoteSwiftPackageReference section */
		1889E63D2A384C910018A19C /* XCRemoteSwiftPackageReference "Alamofire" */ = {
			isa = XCRemoteSwiftPackageReference;
			repositoryURL = "https://github.com/Alamofire/Alamofire";
			requirement = {
				branch = master;
				kind = branch;
			};
		};
/* End XCRemoteSwiftPackageReference section */

/* Begin XCSwiftPackageProductDependency section */
		1889E63E2A384C910018A19C /* Alamofire */ = {
			isa = XCSwiftPackageProductDependency;
			package = 1889E63D2A384C910018A19C /* XCRemoteSwiftPackageReference "Alamofire" */;
			productName = Alamofire;
		};
/* End XCSwiftPackageProductDependency section */
	};
	rootObject = 183F585A2A35B30C002DB89B /* Project object */;
}
